
Microsoft Visual Studio Solution File, Format Version 12.00
# Visual Studio Version 16
VisualStudioVersion = 16.0.28803.202
MinimumVisualStudioVersion = 10.0.40219.1
Project("{FAE04EC0-301F-11D3-BF4B-00C04F79EFBC}") = "ImageResizer", "ImageResizer\ImageResizer.csproj", "{9BCA82E6-5B60-4FE2-ACC7-3B2659478599}"
EndProject
Project("{FAE04EC0-301F-11D3-BF4B-00C04F79EFBC}") = "ImageResizer.Test", "ImageResizer.Test\ImageResizer.Test.csproj", "{B9FC614C-D080-4F57-BB8E-40F4EE330288}"
EndProject
Global
	GlobalSection(SolutionConfigurationPlatforms) = preSolution
		Debug|Any CPU = Debug|Any CPU
		Release|Any CPU = Release|Any CPU
	EndGlobalSection
	GlobalSection(ProjectConfigurationPlatforms) = postSolution
		{9BCA82E6-5B60-4FE2-ACC7-3B2659478599}.Debug|Any CPU.ActiveCfg = Debug|Any CPU
		{9BCA82E6-5B60-4FE2-ACC7-3B2659478599}.Debug|Any CPU.Build.0 = Debug|Any CPU
		{9BCA82E6-5B60-4FE2-ACC7-3B2659478599}.Release|Any CPU.ActiveCfg = Release|Any CPU
		{9BCA82E6-5B60-4FE2-ACC7-3B2659478599}.Release|Any CPU.Build.0 = Release|Any CPU
		{B9FC614C-D080-4F57-BB8E-40F4EE330288}.Debug|Any CPU.ActiveCfg = Debug|Any CPU
		{B9FC614C-D080-4F57-BB8E-40F4EE330288}.Debug|Any CPU.Build.0 = Debug|Any CPU
		{B9FC614C-D080-4F57-BB8E-40F4EE330288}.Release|Any CPU.ActiveCfg = Release|Any CPU
		{B9FC614C-D080-4F57-BB8E-40F4EE330288}.Release|Any CPU.Build.0 = Release|Any CPU
	EndGlobalSection
	GlobalSection(SolutionProperties) = preSolution
		HideSolutionNode = FALSE
	EndGlobalSection
	GlobalSection(ExtensibilityGlobals) = postSolution
		SolutionGuid = {76436566-6615-495D-BC40-5B5BBBACBD97}
	EndGlobalSection
EndGlobal
